
Microsoft Visual Studio Solution File, Format Version 12.00
# Visual Studio Version 16
VisualStudioVersion = 16.0.30309.148
MinimumVisualStudioVersion = 10.0.40219.1
Project("{FAE04EC0-301F-11D3-BF4B-00C04F79EFBC}") = "DependencyInjection", "DependencyInjection\DependencyInjection.csproj", "{836EA157-AAE8-4FB3-AD99-8032AB381A11}"
EndProject
Project("{9A19103F-16F7-4668-BE54-9A1E7A4F7556}") = "CodeDependency", "CodeDependency\CodeDependency.csproj", "{57249F21-D473-4408-862A-ADDA996D2E46}"
EndProject
Global
	GlobalSection(SolutionConfigurationPlatforms) = preSolution
		Debug|Any CPU = Debug|Any CPU
		Release|Any CPU = Release|Any CPU
	EndGlobalSection
	GlobalSection(ProjectConfigurationPlatforms) = postSolution
		{836EA157-AAE8-4FB3-AD99-8032AB381A11}.Debug|Any CPU.ActiveCfg = Debug|Any CPU
		{836EA157-AAE8-4FB3-AD99-8032AB381A11}.Debug|Any CPU.Build.0 = Debug|Any CPU
		{836EA157-AAE8-4FB3-AD99-8032AB381A11}.Release|Any CPU.ActiveCfg = Release|Any CPU
		{836EA157-AAE8-4FB3-AD99-8032AB381A11}.Release|Any CPU.Build.0 = Release|Any CPU
		{57249F21-D473-4408-862A-ADDA996D2E46}.Debug|Any CPU.ActiveCfg = Debug|Any CPU
		{57249F21-D473-4408-862A-ADDA996D2E46}.Debug|Any CPU.Build.0 = Debug|Any CPU
		{57249F21-D473-4408-862A-ADDA996D2E46}.Release|Any CPU.ActiveCfg = Release|Any CPU
		{57249F21-D473-4408-862A-ADDA996D2E46}.Release|Any CPU.Build.0 = Release|Any CPU
	EndGlobalSection
	GlobalSection(SolutionProperties) = preSolution
		HideSolutionNode = FALSE
	EndGlobalSection
	GlobalSection(ExtensibilityGlobals) = postSolution
		SolutionGuid = {124A9CCF-0E3A-46B5-A8F5-CBDEEB4E70B5}
	EndGlobalSection
EndGlobal
